# This file is autogenerated, do not edit; changes may be undone by the next 'dep ensure'.


[[projects]]
  branch = "master"
  digest = "1:d87af402fc3f371d6b008f58903e98bee8873db45263dc54762f00735c582495"
  name = "golang.org/x/exp"
  packages = ["rand"]
  pruneopts = "UT"
  revision = "efd6b22b2522a48712e1fd0b3c1ab34d243f5245"

[[projects]]
  branch = "master"
  digest = "1:e1ba3143157bb547c17c536228eb6de8e488571a93e1c6f6440bc09a5b9c9d91"
  name = "gonum.org/v1/gonum"
  packages = [
    "blas",
    "blas/blas64",
    "blas/cblas128",
    "blas/gonum",
    "floats",
    "internal/asm/c128",
    "internal/asm/c64",
    "internal/asm/f32",
    "internal/asm/f64",
    "internal/cmplx64",
    "internal/math32",
    "lapack",
    "lapack/gonum",
    "lapack/lapack64",
    "mat",
    "mathext",
    "mathext/internal/amos",
    "mathext/internal/cephes",
    "mathext/internal/gonum",
    "stat",
    "stat/combin",
    "stat/distuv",
  ]
  pruneopts = "UT"
  revision = "a5f8f3a4840b76492571a7beed7958b420800458"

[solve-meta]
  analyzer-name = "dep"
  analyzer-version = 1
  input-imports = [
    "gonum.org/v1/gonum/mat",
    "gonum.org/v1/gonum/stat/distuv",
  ]
  solver-name = "gps-cdcl"
  solver-version = 1
